
Microsoft Visual Studio Solution File, Format Version 12.00
# Visual Studio Version 17
VisualStudioVersion = 17.0.31903.59
MinimumVisualStudioVersion = 10.0.40219.1
Project("{FAE04EC0-301F-11D3-BF4B-00C04F79EFBC}") = "EmailAutomation.Domain", "EmailAutomation.Domain\EmailAutomation.Domain.csproj", "{89CEB599-5D10-4D0B-88A3-86BB8B3EC99C}"
EndProject
Project("{FAE04EC0-301F-11D3-BF4B-00C04F79EFBC}") = "EmailAutomation.Infrastructure", "EmailAutomation.Infrastructure\EmailAutomation.Infrastructure.csproj", "{09EF0009-1230-4737-9F02-C2C324E0B853}"
EndProject
Project("{FAE04EC0-301F-11D3-BF4B-00C04F79EFBC}") = "EmailAutomation.Application", "EmailAutomation.Application\EmailAutomation.Application.csproj", "{7A845C85-5AE1-472E-9621-C47A07FBD76F}"
EndProject
Project("{FAE04EC0-301F-11D3-BF4B-00C04F79EFBC}") = "EmailAutomation.UI", "EmailAutomation.UI\EmailAutomation.UI.csproj", "{D0CC6DC9-87A2-4A7F-B4DF-E59515BAFC40}"
EndProject
Project("{FAE04EC0-301F-11D3-BF4B-00C04F79EFBC}") = "EmailAutomation.Tests", "EmailAutomation.Tests\EmailAutomation.Tests.csproj", "{612DA6DB-88F3-492E-93CD-98A9CFFA6835}"
EndProject
Global
	GlobalSection(SolutionConfigurationPlatforms) = preSolution
		Debug|Any CPU = Debug|Any CPU
		Debug|x64 = Debug|x64
		Debug|x86 = Debug|x86
		Release|Any CPU = Release|Any CPU
		Release|x64 = Release|x64
		Release|x86 = Release|x86
	EndGlobalSection
	GlobalSection(ProjectConfigurationPlatforms) = postSolution
		{89CEB599-5D10-4D0B-88A3-86BB8B3EC99C}.Debug|Any CPU.ActiveCfg = Debug|Any CPU
		{89CEB599-5D10-4D0B-88A3-86BB8B3EC99C}.Debug|Any CPU.Build.0 = Debug|Any CPU
		{89CEB599-5D10-4D0B-88A3-86BB8B3EC99C}.Debug|x64.ActiveCfg = Debug|Any CPU
		{89CEB599-5D10-4D0B-88A3-86BB8B3EC99C}.Debug|x64.Build.0 = Debug|Any CPU
		{89CEB599-5D10-4D0B-88A3-86BB8B3EC99C}.Debug|x86.ActiveCfg = Debug|Any CPU
		{89CEB599-5D10-4D0B-88A3-86BB8B3EC99C}.Debug|x86.Build.0 = Debug|Any CPU
		{89CEB599-5D10-4D0B-88A3-86BB8B3EC99C}.Release|Any CPU.ActiveCfg = Release|Any CPU
		{89CEB599-5D10-4D0B-88A3-86BB8B3EC99C}.Release|Any CPU.Build.0 = Release|Any CPU
		{89CEB599-5D10-4D0B-88A3-86BB8B3EC99C}.Release|x64.ActiveCfg = Release|Any CPU
		{89CEB599-5D10-4D0B-88A3-86BB8B3EC99C}.Release|x64.Build.0 = Release|Any CPU
		{89CEB599-5D10-4D0B-88A3-86BB8B3EC99C}.Release|x86.ActiveCfg = Release|Any CPU
		{89CEB599-5D10-4D0B-88A3-86BB8B3EC99C}.Release|x86.Build.0 = Release|Any CPU
		{09EF0009-1230-4737-9F02-C2C324E0B853}.Debug|Any CPU.ActiveCfg = Debug|Any CPU
		{09EF0009-1230-4737-9F02-C2C324E0B853}.Debug|Any CPU.Build.0 = Debug|Any CPU
		{09EF0009-1230-4737-9F02-C2C324E0B853}.Debug|x64.ActiveCfg = Debug|Any CPU
		{09EF0009-1230-4737-9F02-C2C324E0B853}.Debug|x64.Build.0 = Debug|Any CPU
		{09EF0009-1230-4737-9F02-C2C324E0B853}.Debug|x86.ActiveCfg = Debug|Any CPU
		{09EF0009-1230-4737-9F02-C2C324E0B853}.Debug|x86.Build.0 = Debug|Any CPU
		{09EF0009-1230-4737-9F02-C2C324E0B853}.Release|Any CPU.ActiveCfg = Release|Any CPU
		{09EF0009-1230-4737-9F02-C2C324E0B853}.Release|Any CPU.Build.0 = Release|Any CPU
		{09EF0009-1230-4737-9F02-C2C324E0B853}.Release|x64.ActiveCfg = Release|Any CPU
		{09EF0009-1230-4737-9F02-C2C324E0B853}.Release|x64.Build.0 = Release|Any CPU
		{09EF0009-1230-4737-9F02-C2C324E0B853}.Release|x86.ActiveCfg = Release|Any CPU
		{09EF0009-1230-4737-9F02-C2C324E0B853}.Release|x86.Build.0 = Release|Any CPU
		{7A845C85-5AE1-472E-9621-C47A07FBD76F}.Debug|Any CPU.ActiveCfg = Debug|Any CPU
		{7A845C85-5AE1-472E-9621-C47A07FBD76F}.Debug|Any CPU.Build.0 = Debug|Any CPU
		{7A845C85-5AE1-472E-9621-C47A07FBD76F}.Debug|x64.ActiveCfg = Debug|Any CPU
		{7A845C85-5AE1-472E-9621-C47A07FBD76F}.Debug|x64.Build.0 = Debug|Any CPU
		{7A845C85-5AE1-472E-9621-C47A07FBD76F}.Debug|x86.ActiveCfg = Debug|Any CPU
		{7A845C85-5AE1-472E-9621-C47A07FBD76F}.Debug|x86.Build.0 = Debug|Any CPU
		{7A845C85-5AE1-472E-9621-C47A07FBD76F}.Release|Any CPU.ActiveCfg = Release|Any CPU
		{7A845C85-5AE1-472E-9621-C47A07FBD76F}.Release|Any CPU.Build.0 = Release|Any CPU
		{7A845C85-5AE1-472E-9621-C47A07FBD76F}.Release|x64.ActiveCfg = Release|Any CPU
		{7A845C85-5AE1-472E-9621-C47A07FBD76F}.Release|x64.Build.0 = Release|Any CPU
		{7A845C85-5AE1-472E-9621-C47A07FBD76F}.Release|x86.ActiveCfg = Release|Any CPU
		{7A845C85-5AE1-472E-9621-C47A07FBD76F}.Release|x86.Build.0 = Release|Any CPU
		{D0CC6DC9-87A2-4A7F-B4DF-E59515BAFC40}.Debug|Any CPU.ActiveCfg = Debug|Any CPU
		{D0CC6DC9-87A2-4A7F-B4DF-E59515BAFC40}.Debug|Any CPU.Build.0 = Debug|Any CPU
		{D0CC6DC9-87A2-4A7F-B4DF-E59515BAFC40}.Debug|x64.ActiveCfg = Debug|Any CPU
		{D0CC6DC9-87A2-4A7F-B4DF-E59515BAFC40}.Debug|x64.Build.0 = Debug|Any CPU
		{D0CC6DC9-87A2-4A7F-B4DF-E59515BAFC40}.Debug|x86.ActiveCfg = Debug|Any CPU
		{D0CC6DC9-87A2-4A7F-B4DF-E59515BAFC40}.Debug|x86.Build.0 = Debug|Any CPU
		{D0CC6DC9-87A2-4A7F-B4DF-E59515BAFC40}.Release|Any CPU.ActiveCfg = Release|Any CPU
		{D0CC6DC9-87A2-4A7F-B4DF-E59515BAFC40}.Release|Any CPU.Build.0 = Release|Any CPU
		{D0CC6DC9-87A2-4A7F-B4DF-E59515BAFC40}.Release|x64.ActiveCfg = Release|Any CPU
		{D0CC6DC9-87A2-4A7F-B4DF-E59515BAFC40}.Release|x64.Build.0 = Release|Any CPU
		{D0CC6DC9-87A2-4A7F-B4DF-E59515BAFC40}.Release|x86.ActiveCfg = Release|Any CPU
		{D0CC6DC9-87A2-4A7F-B4DF-E59515BAFC40}.Release|x86.Build.0 = Release|Any CPU
		{612DA6DB-88F3-492E-93CD-98A9CFFA6835}.Debug|Any CPU.ActiveCfg = Debug|Any CPU
		{612DA6DB-88F3-492E-93CD-98A9CFFA6835}.Debug|Any CPU.Build.0 = Debug|Any CPU
		{612DA6DB-88F3-492E-93CD-98A9CFFA6835}.Debug|x64.ActiveCfg = Debug|Any CPU
		{612DA6DB-88F3-492E-93CD-98A9CFFA6835}.Debug|x64.Build.0 = Debug|Any CPU
		{612DA6DB-88F3-492E-93CD-98A9CFFA6835}.Debug|x86.ActiveCfg = Debug|Any CPU
		{612DA6DB-88F3-492E-93CD-98A9CFFA6835}.Debug|x86.Build.0 = Debug|Any CPU
		{612DA6DB-88F3-492E-93CD-98A9CFFA6835}.Release|Any CPU.ActiveCfg = Release|Any CPU
		{612DA6DB-88F3-492E-93CD-98A9CFFA6835}.Release|Any CPU.Build.0 = Release|Any CPU
		{612DA6DB-88F3-492E-93CD-98A9CFFA6835}.Release|x64.ActiveCfg = Release|Any CPU
		{612DA6DB-88F3-492E-93CD-98A9CFFA6835}.Release|x64.Build.0 = Release|Any CPU
		{612DA6DB-88F3-492E-93CD-98A9CFFA6835}.Release|x86.ActiveCfg = Release|Any CPU
		{612DA6DB-88F3-492E-93CD-98A9CFFA6835}.Release|x86.Build.0 = Release|Any CPU
	EndGlobalSection
	GlobalSection(SolutionProperties) = preSolution
		HideSolutionNode = FALSE
	EndGlobalSection
EndGlobal
